
Microsoft Visual Studio Solution File, Format Version 12.00
# Visual Studio 2013
VisualStudioVersion = 12.0.31101.0
MinimumVisualStudioVersion = 10.0.40219.1
Project("{F2A71F9B-5D33-465A-A702-920D77279786}") = "app", "ConsoleApplication1\app.fsproj", "{03DB146D-23C2-46B8-BE31-03693EF02687}"
EndProject
Project("{F2A71F9B-5D33-465A-A702-920D77279786}") = "core", "core\core.fsproj", "{5A518C33-E6AB-4EAE-9944-87EC7E0B1677}"
EndProject
Project("{F2A71F9B-5D33-465A-A702-920D77279786}") = "core.tests", "core.tests\core.tests.fsproj", "{63A875CB-1F48-4404-A607-2EA4BA3D8DCE}"
EndProject
Global
	GlobalSection(SolutionConfigurationPlatforms) = preSolution
		Debug|Any CPU = Debug|Any CPU
		Release|Any CPU = Release|Any CPU
	EndGlobalSection
	GlobalSection(ProjectConfigurationPlatforms) = postSolution
		{03DB146D-23C2-46B8-BE31-03693EF02687}.Debug|Any CPU.ActiveCfg = Debug|Any CPU
		{03DB146D-23C2-46B8-BE31-03693EF02687}.Debug|Any CPU.Build.0 = Debug|Any CPU
		{03DB146D-23C2-46B8-BE31-03693EF02687}.Release|Any CPU.ActiveCfg = Release|Any CPU
		{03DB146D-23C2-46B8-BE31-03693EF02687}.Release|Any CPU.Build.0 = Release|Any CPU
		{5A518C33-E6AB-4EAE-9944-87EC7E0B1677}.Debug|Any CPU.ActiveCfg = Debug|Any CPU
		{5A518C33-E6AB-4EAE-9944-87EC7E0B1677}.Debug|Any CPU.Build.0 = Debug|Any CPU
		{5A518C33-E6AB-4EAE-9944-87EC7E0B1677}.Release|Any CPU.ActiveCfg = Release|Any CPU
		{5A518C33-E6AB-4EAE-9944-87EC7E0B1677}.Release|Any CPU.Build.0 = Release|Any CPU
		{63A875CB-1F48-4404-A607-2EA4BA3D8DCE}.Debug|Any CPU.ActiveCfg = Debug|Any CPU
		{63A875CB-1F48-4404-A607-2EA4BA3D8DCE}.Debug|Any CPU.Build.0 = Debug|Any CPU
		{63A875CB-1F48-4404-A607-2EA4BA3D8DCE}.Release|Any CPU.ActiveCfg = Release|Any CPU
		{63A875CB-1F48-4404-A607-2EA4BA3D8DCE}.Release|Any CPU.Build.0 = Release|Any CPU
	EndGlobalSection
	GlobalSection(SolutionProperties) = preSolution
		HideSolutionNode = FALSE
	EndGlobalSection
EndGlobal
