
Microsoft Visual Studio Solution File, Format Version 9.00
# Visual Studio 2005
Project("{FAE04EC0-301F-11D3-BF4B-00C04F79EFBC}") = "UniqueIdentifier", "UniqueIdentifier.csproj", "{2073BC6D-A425-4D7E-94E6-4D59D5624F59}"
EndProject
Global
	GlobalSection(SolutionConfigurationPlatforms) = preSolution
		Debug|Any CPU = Debug|Any CPU
		Release|Any CPU = Release|Any CPU
	EndGlobalSection
	GlobalSection(ProjectConfigurationPlatforms) = postSolution
		{2073BC6D-A425-4D7E-94E6-4D59D5624F59}.Debug|Any CPU.ActiveCfg = Debug|Any CPU
		{2073BC6D-A425-4D7E-94E6-4D59D5624F59}.Debug|Any CPU.Build.0 = Debug|Any CPU
		{2073BC6D-A425-4D7E-94E6-4D59D5624F59}.Release|Any CPU.ActiveCfg = Release|Any CPU
		{2073BC6D-A425-4D7E-94E6-4D59D5624F59}.Release|Any CPU.Build.0 = Release|Any CPU
	EndGlobalSection
	GlobalSection(SolutionProperties) = preSolution
		HideSolutionNode = FALSE
	EndGlobalSection
EndGlobal
