
Microsoft Visual Studio Solution File, Format Version 11.00
# Visual Studio 2010
Project("{FAE04EC0-301F-11D3-BF4B-00C04F79EFBC}") = "PreparingToInterview", "PreparingToInterview\PreparingToInterview.csproj", "{CEDA5E11-130F-4729-A9C2-859D5A6B9418}"
EndProject
Global
	GlobalSection(SolutionConfigurationPlatforms) = preSolution
		Debug|x86 = Debug|x86
		Release|x86 = Release|x86
	EndGlobalSection
	GlobalSection(ProjectConfigurationPlatforms) = postSolution
		{CEDA5E11-130F-4729-A9C2-859D5A6B9418}.Debug|x86.ActiveCfg = Debug|x86
		{CEDA5E11-130F-4729-A9C2-859D5A6B9418}.Debug|x86.Build.0 = Debug|x86
		{CEDA5E11-130F-4729-A9C2-859D5A6B9418}.Release|x86.ActiveCfg = Release|x86
		{CEDA5E11-130F-4729-A9C2-859D5A6B9418}.Release|x86.Build.0 = Release|x86
	EndGlobalSection
	GlobalSection(SolutionProperties) = preSolution
		HideSolutionNode = FALSE
	EndGlobalSection
EndGlobal
